// !$*UTF8*$!
{
	archiveVersion = 1;
	classes = {
	};
	objectVersion = 55;
	objects = {

/* Begin PBXBuildFile section */
		0F91C0E3278CD55000814551 /* TodoMoviesApp.swift in Sources */ = {isa = PBXBuildFile; fileRef = 0F91C0E2278CD55000814551 /* TodoMoviesApp.swift */; };
		0F91C0E7278CD55200814551 /* Assets.xcassets in Resources */ = {isa = PBXBuildFile; fileRef = 0F91C0E6278CD55200814551 /* Assets.xcassets */; };
		0F91C0EA278CD55200814551 /* Preview Assets.xcassets in Resources */ = {isa = PBXBuildFile; fileRef = 0F91C0E9278CD55200814551 /* Preview Assets.xcassets */; };
		0F91C0F4278CD55200814551 /* TodoMoviesTests.swift in Sources */ = {isa = PBXBuildFile; fileRef = 0F91C0F3278CD55200814551 /* TodoMoviesTests.swift */; };
		0F91C0FE278CD55200814551 /* TodoMoviesUITests.swift in Sources */ = {isa = PBXBuildFile; fileRef = 0F91C0FD278CD55200814551 /* TodoMoviesUITests.swift */; };
		0F91C100278CD55200814551 /* TodoMoviesUITestsLaunchTests.swift in Sources */ = {isa = PBXBuildFile; fileRef = 0F91C0FF278CD55200814551 /* TodoMoviesUITestsLaunchTests.swift */; };
		0F91C112278CE57300814551 /* movieCell.swift in Sources */ = {isa = PBXBuildFile; fileRef = 0F91C111278CE57300814551 /* movieCell.swift */; };
		0F91C114278CE70300814551 /* moviesScreen.swift in Sources */ = {isa = PBXBuildFile; fileRef = 0F91C113278CE70300814551 /* moviesScreen.swift */; };
/* End PBXBuildFile section */

/* Begin PBXContainerItemProxy section */
		0F91C0F0278CD55200814551 /* PBXContainerItemProxy */ = {
			isa = PBXContainerItemProxy;
			containerPortal = 0F91C0D7278CD55000814551 /* Project object */;
			proxyType = 1;
			remoteGlobalIDString = 0F91C0DE278CD55000814551;
			remoteInfo = TodoMovies;
		};
		0F91C0FA278CD55200814551 /* PBXContainerItemProxy */ = {
			isa = PBXContainerItemProxy;
			containerPortal = 0F91C0D7278CD55000814551 /* Project object */;
			proxyType = 1;
			remoteGlobalIDString = 0F91C0DE278CD55000814551;
			remoteInfo = TodoMovies;
		};
/* End PBXContainerItemProxy section */

/* Begin PBXFileReference section */
		0F91C0DF278CD55000814551 /* TodoMovies.app */ = {isa = PBXFileReference; explicitFileType = wrapper.application; includeInIndex = 0; path = TodoMovies.app; sourceTree = BUILT_PRODUCTS_DIR; };
		0F91C0E2278CD55000814551 /* TodoMoviesApp.swift */ = {isa = PBXFileReference; lastKnownFileType = sourcecode.swift; path = TodoMoviesApp.swift; sourceTree = "<group>"; };
		0F91C0E6278CD55200814551 /* Assets.xcassets */ = {isa = PBXFileReference; lastKnownFileType = folder.assetcatalog; path = Assets.xcassets; sourceTree = "<group>"; };
		0F91C0E9278CD55200814551 /* Preview Assets.xcassets */ = {isa = PBXFileReference; lastKnownFileType = folder.assetcatalog; path = "Preview Assets.xcassets"; sourceTree = "<group>"; };
		0F91C0EF278CD55200814551 /* TodoMoviesTests.xctest */ = {isa = PBXFileReference; explicitFileType = wrapper.cfbundle; includeInIndex = 0; path = TodoMoviesTests.xctest; sourceTree = BUILT_PRODUCTS_DIR; };
		0F91C0F3278CD55200814551 /* TodoMoviesTests.swift */ = {isa = PBXFileReference; lastKnownFileType = sourcecode.swift; path = TodoMoviesTests.swift; sourceTree = "<group>"; };
		0F91C0F9278CD55200814551 /* TodoMoviesUITests.xctest */ = {isa = PBXFileReference; explicitFileType = wrapper.cfbundle; includeInIndex = 0; path = TodoMoviesUITests.xctest; sourceTree = BUILT_PRODUCTS_DIR; };
		0F91C0FD278CD55200814551 /* TodoMoviesUITests.swift */ = {isa = PBXFileReference; lastKnownFileType = sourcecode.swift; path = TodoMoviesUITests.swift; sourceTree = "<group>"; };
		0F91C0FF278CD55200814551 /* TodoMoviesUITestsLaunchTests.swift */ = {isa = PBXFileReference; lastKnownFileType = sourcecode.swift; path = TodoMoviesUITestsLaunchTests.swift; sourceTree = "<group>"; };
		0F91C111278CE57300814551 /* movieCell.swift */ = {isa = PBXFileReference; lastKnownFileType = sourcecode.swift; path = movieCell.swift; sourceTree = "<group>"; };
		0F91C113278CE70300814551 /* moviesScreen.swift */ = {isa = PBXFileReference; lastKnownFileType = sourcecode.swift; path = moviesScreen.swift; sourceTree = "<group>"; };
/* End PBXFileReference section */

/* Begin PBXFrameworksBuildPhase section */
		0F91C0DC278CD55000814551 /* Frameworks */ = {
			isa = PBXFrameworksBuildPhase;
			buildActionMask = 2147483647;
			files = (
			);
			runOnlyForDeploymentPostprocessing = 0;
		};
		0F91C0EC278CD55200814551 /* Frameworks */ = {
			isa = PBXFrameworksBuildPhase;
			buildActionMask = 2147483647;
			files = (
			);
			runOnlyForDeploymentPostprocessing = 0;
		};
		0F91C0F6278CD55200814551 /* Frameworks */ = {
			isa = PBXFrameworksBuildPhase;
			buildActionMask = 2147483647;
			files = (
			);
			runOnlyForDeploymentPostprocessing = 0;
		};
/* End PBXFrameworksBuildPhase section */

/* Begin PBXGroup section */
		0F91C0D6278CD55000814551 = {
			isa = PBXGroup;
			children = (
				0F91C0E1278CD55000814551 /* TodoMovies */,
				0F91C10C278CD55C00814551 /* Tests */,
				0F91C0E0278CD55000814551 /* Products */,
			);
			sourceTree = "<group>";
		};
		0F91C0E0278CD55000814551 /* Products */ = {
			isa = PBXGroup;
			children = (
				0F91C0DF278CD55000814551 /* TodoMovies.app */,
				0F91C0EF278CD55200814551 /* TodoMoviesTests.xctest */,
				0F91C0F9278CD55200814551 /* TodoMoviesUITests.xctest */,
			);
			name = Products;
			sourceTree = "<group>";
		};
		0F91C0E1278CD55000814551 /* TodoMovies */ = {
			isa = PBXGroup;
			children = (
				0F91C0E2278CD55000814551 /* TodoMoviesApp.swift */,
				0F91C10F278CD58B00814551 /* Models */,
				0F91C10E278CD57E00814551 /* ViewModels */,
				0F91C10D278CD57200814551 /* Views */,
				0F91C0E6278CD55200814551 /* Assets.xcassets */,
				0F91C0E8278CD55200814551 /* Preview Content */,
			);
			path = TodoMovies;
			sourceTree = "<group>";
		};
		0F91C0E8278CD55200814551 /* Preview Content */ = {
			isa = PBXGroup;
			children = (
				0F91C0E9278CD55200814551 /* Preview Assets.xcassets */,
			);
			path = "Preview Content";
			sourceTree = "<group>";
		};
		0F91C0F2278CD55200814551 /* TodoMoviesTests */ = {
			isa = PBXGroup;
			children = (
				0F91C0FC278CD55200814551 /* TodoMoviesUITests */,
				0F91C0F3278CD55200814551 /* TodoMoviesTests.swift */,
			);
			path = TodoMoviesTests;
			sourceTree = "<group>";
		};
		0F91C0FC278CD55200814551 /* TodoMoviesUITests */ = {
			isa = PBXGroup;
			children = (
				0F91C0FD278CD55200814551 /* TodoMoviesUITests.swift */,
				0F91C0FF278CD55200814551 /* TodoMoviesUITestsLaunchTests.swift */,
			);
			path = TodoMoviesUITests;
			sourceTree = "<group>";
		};
		0F91C10C278CD55C00814551 /* Tests */ = {
			isa = PBXGroup;
			children = (
				0F91C0F2278CD55200814551 /* TodoMoviesTests */,
			);
			path = Tests;
			sourceTree = "<group>";
		};
		0F91C10D278CD57200814551 /* Views */ = {
			isa = PBXGroup;
			children = (
				0F91C113278CE70300814551 /* moviesScreen.swift */,
				0F91C111278CE57300814551 /* movieCell.swift */,
			);
			path = Views;
			sourceTree = "<group>";
		};
		0F91C10E278CD57E00814551 /* ViewModels */ = {
			isa = PBXGroup;
			children = (
			);
			path = ViewModels;
			sourceTree = "<group>";
		};
		0F91C10F278CD58B00814551 /* Models */ = {
			isa = PBXGroup;
			children = (
			);
			path = Models;
			sourceTree = "<group>";
		};
/* End PBXGroup section */

/* Begin PBXNativeTarget section */
		0F91C0DE278CD55000814551 /* TodoMovies */ = {
			isa = PBXNativeTarget;
			buildConfigurationList = 0F91C103278CD55200814551 /* Build configuration list for PBXNativeTarget "TodoMovies" */;
			buildPhases = (
				0F91C0DB278CD55000814551 /* Sources */,
				0F91C0DC278CD55000814551 /* Frameworks */,
				0F91C0DD278CD55000814551 /* Resources */,
			);
			buildRules = (
			);
			dependencies = (
			);
			name = TodoMovies;
			productName = TodoMovies;
			productReference = 0F91C0DF278CD55000814551 /* TodoMovies.app */;
			productType = "com.apple.product-type.application";
		};
		0F91C0EE278CD55200814551 /* TodoMoviesTests */ = {
			isa = PBXNativeTarget;
			buildConfigurationList = 0F91C106278CD55200814551 /* Build configuration list for PBXNativeTarget "TodoMoviesTests" */;
			buildPhases = (
				0F91C0EB278CD55200814551 /* Sources */,
				0F91C0EC278CD55200814551 /* Frameworks */,
				0F91C0ED278CD55200814551 /* Resources */,
			);
			buildRules = (
			);
			dependencies = (
				0F91C0F1278CD55200814551 /* PBXTargetDependency */,
			);
			name = TodoMoviesTests;
			productName = TodoMoviesTests;
			productReference = 0F91C0EF278CD55200814551 /* TodoMoviesTests.xctest */;
			productType = "com.apple.product-type.bundle.unit-test";
		};
		0F91C0F8278CD55200814551 /* TodoMoviesUITests */ = {
			isa = PBXNativeTarget;
			buildConfigurationList = 0F91C109278CD55200814551 /* Build configuration list for PBXNativeTarget "TodoMoviesUITests" */;
			buildPhases = (
				0F91C0F5278CD55200814551 /* Sources */,
				0F91C0F6278CD55200814551 /* Frameworks */,
				0F91C0F7278CD55200814551 /* Resources */,
			);
			buildRules = (
			);
			dependencies = (
				0F91C0FB278CD55200814551 /* PBXTargetDependency */,
			);
			name = TodoMoviesUITests;
			productName = TodoMoviesUITests;
			productReference = 0F91C0F9278CD55200814551 /* TodoMoviesUITests.xctest */;
			productType = "com.apple.product-type.bundle.ui-testing";
		};
/* End PBXNativeTarget section */

/* Begin PBXProject section */
		0F91C0D7278CD55000814551 /* Project object */ = {
			isa = PBXProject;
			attributes = {
				BuildIndependentTargetsInParallel = 1;
				LastSwiftUpdateCheck = 1320;
				LastUpgradeCheck = 1320;
				TargetAttributes = {
					0F91C0DE278CD55000814551 = {
						CreatedOnToolsVersion = 13.2.1;
					};
					0F91C0EE278CD55200814551 = {
						CreatedOnToolsVersion = 13.2.1;
						TestTargetID = 0F91C0DE278CD55000814551;
					};
					0F91C0F8278CD55200814551 = {
						CreatedOnToolsVersion = 13.2.1;
						TestTargetID = 0F91C0DE278CD55000814551;
					};
				};
			};
			buildConfigurationList = 0F91C0DA278CD55000814551 /* Build configuration list for PBXProject "TodoMovies" */;
			compatibilityVersion = "Xcode 13.0";
			developmentRegion = en;
			hasScannedForEncodings = 0;
			knownRegions = (
				en,
				Base,
			);
			mainGroup = 0F91C0D6278CD55000814551;
			productRefGroup = 0F91C0E0278CD55000814551 /* Products */;
			projectDirPath = "";
			projectRoot = "";
			targets = (
				0F91C0DE278CD55000814551 /* TodoMovies */,
				0F91C0EE278CD55200814551 /* TodoMoviesTests */,
				0F91C0F8278CD55200814551 /* TodoMoviesUITests */,
			);
		};
/* End PBXProject section */

/* Begin PBXResourcesBuildPhase section */
		0F91C0DD278CD55000814551 /* Resources */ = {
			isa = PBXResourcesBuildPhase;
			buildActionMask = 2147483647;
			files = (
				0F91C0EA278CD55200814551 /* Preview Assets.xcassets in Resources */,
				0F91C0E7278CD55200814551 /* Assets.xcassets in Resources */,
			);
			runOnlyForDeploymentPostprocessing = 0;
		};
		0F91C0ED278CD55200814551 /* Resources */ = {
			isa = PBXResourcesBuildPhase;
			buildActionMask = 2147483647;
			files = (
			);
			runOnlyForDeploymentPostprocessing = 0;
		};
		0F91C0F7278CD55200814551 /* Resources */ = {
			isa = PBXResourcesBuildPhase;
			buildActionMask = 2147483647;
			files = (
			);
			runOnlyForDeploymentPostprocessing = 0;
		};
/* End PBXResourcesBuildPhase section */

/* Begin PBXSourcesBuildPhase section */
		0F91C0DB278CD55000814551 /* Sources */ = {
			isa = PBXSourcesBuildPhase;
			buildActionMask = 2147483647;
			files = (
				0F91C112278CE57300814551 /* movieCell.swift in Sources */,
				0F91C0E3278CD55000814551 /* TodoMoviesApp.swift in Sources */,
				0F91C114278CE70300814551 /* moviesScreen.swift in Sources */,
			);
			runOnlyForDeploymentPostprocessing = 0;
		};
		0F91C0EB278CD55200814551 /* Sources */ = {
			isa = PBXSourcesBuildPhase;
			buildActionMask = 2147483647;
			files = (
				0F91C0F4278CD55200814551 /* TodoMoviesTests.swift in Sources */,
			);
			runOnlyForDeploymentPostprocessing = 0;
		};
		0F91C0F5278CD55200814551 /* Sources */ = {
			isa = PBXSourcesBuildPhase;
			buildActionMask = 2147483647;
			files = (
				0F91C0FE278CD55200814551 /* TodoMoviesUITests.swift in Sources */,
				0F91C100278CD55200814551 /* TodoMoviesUITestsLaunchTests.swift in Sources */,
			);
			runOnlyForDeploymentPostprocessing = 0;
		};
/* End PBXSourcesBuildPhase section */

/* Begin PBXTargetDependency section */
		0F91C0F1278CD55200814551 /* PBXTargetDependency */ = {
			isa = PBXTargetDependency;
			target = 0F91C0DE278CD55000814551 /* TodoMovies */;
			targetProxy = 0F91C0F0278CD55200814551 /* PBXContainerItemProxy */;
		};
		0F91C0FB278CD55200814551 /* PBXTargetDependency */ = {
			isa = PBXTargetDependency;
			target = 0F91C0DE278CD55000814551 /* TodoMovies */;
			targetProxy = 0F91C0FA278CD55200814551 /* PBXContainerItemProxy */;
		};
/* End PBXTargetDependency section */

/* Begin XCBuildConfiguration section */
		0F91C101278CD55200814551 /* Debug */ = {
			isa = XCBuildConfiguration;
			buildSettings = {
				ALWAYS_SEARCH_USER_PATHS = NO;
				CLANG_ANALYZER_NONNULL = YES;
				CLANG_ANALYZER_NUMBER_OBJECT_CONVERSION = YES_AGGRESSIVE;
				CLANG_CXX_LANGUAGE_STANDARD = "gnu++17";
				CLANG_CXX_LIBRARY = "libc++";
				CLANG_ENABLE_MODULES = YES;
				CLANG_ENABLE_OBJC_ARC = YES;
				CLANG_ENABLE_OBJC_WEAK = YES;
				CLANG_WARN_BLOCK_CAPTURE_AUTORELEASING = YES;
				CLANG_WARN_BOOL_CONVERSION = YES;
				CLANG_WARN_COMMA = YES;
				CLANG_WARN_CONSTANT_CONVERSION = YES;
				CLANG_WARN_DEPRECATED_OBJC_IMPLEMENTATIONS = YES;
				CLANG_WARN_DIRECT_OBJC_ISA_USAGE = YES_ERROR;
				CLANG_WARN_DOCUMENTATION_COMMENTS = YES;
				CLANG_WARN_EMPTY_BODY = YES;
				CLANG_WARN_ENUM_CONVERSION = YES;
				CLANG_WARN_INFINITE_RECURSION = YES;
				CLANG_WARN_INT_CONVERSION = YES;
				CLANG_WARN_NON_LITERAL_NULL_CONVERSION = YES;
				CLANG_WARN_OBJC_IMPLICIT_RETAIN_SELF = YES;
				CLANG_WARN_OBJC_LITERAL_CONVERSION = YES;
				CLANG_WARN_OBJC_ROOT_CLASS = YES_ERROR;
				CLANG_WARN_QUOTED_INCLUDE_IN_FRAMEWORK_HEADER = YES;
				CLANG_WARN_RANGE_LOOP_ANALYSIS = YES;
				CLANG_WARN_STRICT_PROTOTYPES = YES;
				CLANG_WARN_SUSPICIOUS_MOVE = YES;
				CLANG_WARN_UNGUARDED_AVAILABILITY = YES_AGGRESSIVE;
				CLANG_WARN_UNREACHABLE_CODE = YES;
				CLANG_WARN__DUPLICATE_METHOD_MATCH = YES;
				COPY_PHASE_STRIP = NO;
				DEBUG_INFORMATION_FORMAT = dwarf;
				ENABLE_STRICT_OBJC_MSGSEND = YES;
				ENABLE_TESTABILITY = YES;
				GCC_C_LANGUAGE_STANDARD = gnu11;
				GCC_DYNAMIC_NO_PIC = NO;
				GCC_NO_COMMON_BLOCKS = YES;
				GCC_OPTIMIZATION_LEVEL = 0;
				GCC_PREPROCESSOR_DEFINITIONS = (
					"DEBUG=1",
					"$(inherited)",
				);
				GCC_WARN_64_TO_32_BIT_CONVERSION = YES;
				GCC_WARN_ABOUT_RETURN_TYPE = YES_ERROR;
				GCC_WARN_UNDECLARED_SELECTOR = YES;
				GCC_WARN_UNINITIALIZED_AUTOS = YES_AGGRESSIVE;
				GCC_WARN_UNUSED_FUNCTION = YES;
				GCC_WARN_UNUSED_VARIABLE = YES;
				IPHONEOS_DEPLOYMENT_TARGET = 15.2;
				MTL_ENABLE_DEBUG_INFO = INCLUDE_SOURCE;
				MTL_FAST_MATH = YES;
				ONLY_ACTIVE_ARCH = YES;
				SDKROOT = iphoneos;
				SWIFT_ACTIVE_COMPILATION_CONDITIONS = DEBUG;
				SWIFT_OPTIMIZATION_LEVEL = "-Onone";
			};
			name = Debug;
		};
		0F91C102278CD55200814551 /* Release */ = {
			isa = XCBuildConfiguration;
			buildSettings = {
				ALWAYS_SEARCH_USER_PATHS = NO;
				CLANG_ANALYZER_NONNULL = YES;
				CLANG_ANALYZER_NUMBER_OBJECT_CONVERSION = YES_AGGRESSIVE;
				CLANG_CXX_LANGUAGE_STANDARD = "gnu++17";
				CLANG_CXX_LIBRARY = "libc++";
				CLANG_ENABLE_MODULES = YES;
				CLANG_ENABLE_OBJC_ARC = YES;
				CLANG_ENABLE_OBJC_WEAK = YES;
				CLANG_WARN_BLOCK_CAPTURE_AUTORELEASING = YES;
				CLANG_WARN_BOOL_CONVERSION = YES;
				CLANG_WARN_COMMA = YES;
				CLANG_WARN_CONSTANT_CONVERSION = YES;
				CLANG_WARN_DEPRECATED_OBJC_IMPLEMENTATIONS = YES;
				CLANG_WARN_DIRECT_OBJC_ISA_USAGE = YES_ERROR;
				CLANG_WARN_DOCUMENTATION_COMMENTS = YES;
				CLANG_WARN_EMPTY_BODY = YES;
				CLANG_WARN_ENUM_CONVERSION = YES;
				CLANG_WARN_INFINITE_RECURSION = YES;
				CLANG_WARN_INT_CONVERSION = YES;
				CLANG_WARN_NON_LITERAL_NULL_CONVERSION = YES;
				CLANG_WARN_OBJC_IMPLICIT_RETAIN_SELF = YES;
				CLANG_WARN_OBJC_LITERAL_CONVERSION = YES;
				CLANG_WARN_OBJC_ROOT_CLASS = YES_ERROR;
				CLANG_WARN_QUOTED_INCLUDE_IN_FRAMEWORK_HEADER = YES;
				CLANG_WARN_RANGE_LOOP_ANALYSIS = YES;
				CLANG_WARN_STRICT_PROTOTYPES = YES;
				CLANG_WARN_SUSPICIOUS_MOVE = YES;
				CLANG_WARN_UNGUARDED_AVAILABILITY = YES_AGGRESSIVE;
				CLANG_WARN_UNREACHABLE_CODE = YES;
				CLANG_WARN__DUPLICATE_METHOD_MATCH = YES;
				COPY_PHASE_STRIP = NO;
				DEBUG_INFORMATION_FORMAT = "dwarf-with-dsym";
				ENABLE_NS_ASSERTIONS = NO;
				ENABLE_STRICT_OBJC_MSGSEND = YES;
				GCC_C_LANGUAGE_STANDARD = gnu11;
				GCC_NO_COMMON_BLOCKS = YES;
				GCC_WARN_64_TO_32_BIT_CONVERSION = YES;
				GCC_WARN_ABOUT_RETURN_TYPE = YES_ERROR;
				GCC_WARN_UNDECLARED_SELECTOR = YES;
				GCC_WARN_UNINITIALIZED_AUTOS = YES_AGGRESSIVE;
				GCC_WARN_UNUSED_FUNCTION = YES;
				GCC_WARN_UNUSED_VARIABLE = YES;
				IPHONEOS_DEPLOYMENT_TARGET = 15.2;
				MTL_ENABLE_DEBUG_INFO = NO;
				MTL_FAST_MATH = YES;
				SDKROOT = iphoneos;
				SWIFT_COMPILATION_MODE = wholemodule;
				SWIFT_OPTIMIZATION_LEVEL = "-O";
				VALIDATE_PRODUCT = YES;
			};
			name = Release;
		};
		0F91C104278CD55200814551 /* Debug */ = {
			isa = XCBuildConfiguration;
			buildSettings = {
				ASSETCATALOG_COMPILER_APPICON_NAME = AppIcon;
				ASSETCATALOG_COMPILER_GLOBAL_ACCENT_COLOR_NAME = AccentColor;
				CODE_SIGN_STYLE = Automatic;
				CURRENT_PROJECT_VERSION = 1;
				DEVELOPMENT_ASSET_PATHS = "\"TodoMovies/Preview Content\"";
				DEVELOPMENT_TEAM = B5UJ7YUN4J;
				ENABLE_PREVIEWS = YES;
				GENERATE_INFOPLIST_FILE = YES;
				INFOPLIST_KEY_UIApplicationSceneManifest_Generation = YES;
				INFOPLIST_KEY_UIApplicationSupportsIndirectInputEvents = YES;
				INFOPLIST_KEY_UILaunchScreen_Generation = YES;
				INFOPLIST_KEY_UISupportedInterfaceOrientations_iPad = "UIInterfaceOrientationPortrait UIInterfaceOrientationPortraitUpsideDown UIInterfaceOrientationLandscapeLeft UIInterfaceOrientationLandscapeRight";
				INFOPLIST_KEY_UISupportedInterfaceOrientations_iPhone = "UIInterfaceOrientationPortrait UIInterfaceOrientationLandscapeLeft UIInterfaceOrientationLandscapeRight";
				LD_RUNPATH_SEARCH_PATHS = (
					"$(inherited)",
					"@executable_path/Frameworks",
				);
				MARKETING_VERSION = 1.0;
				PRODUCT_BUNDLE_IDENTIFIER = victorBarros.TodoMovies;
				PRODUCT_NAME = "$(TARGET_NAME)";
				SWIFT_EMIT_LOC_STRINGS = YES;
				SWIFT_VERSION = 5.0;
				TARGETED_DEVICE_FAMILY = "1,2";
			};
			name = Debug;
		};
		0F91C105278CD55200814551 /* Release */ = {
			isa = XCBuildConfiguration;
			buildSettings = {
				ASSETCATALOG_COMPILER_APPICON_NAME = AppIcon;
				ASSETCATALOG_COMPILER_GLOBAL_ACCENT_COLOR_NAME = AccentColor;
				CODE_SIGN_STYLE = Automatic;
				CURRENT_PROJECT_VERSION = 1;
				DEVELOPMENT_ASSET_PATHS = "\"TodoMovies/Preview Content\"";
				DEVELOPMENT_TEAM = B5UJ7YUN4J;
				ENABLE_PREVIEWS = YES;
				GENERATE_INFOPLIST_FILE = YES;
				INFOPLIST_KEY_UIApplicationSceneManifest_Generation = YES;
				INFOPLIST_KEY_UIApplicationSupportsIndirectInputEvents = YES;
				INFOPLIST_KEY_UILaunchScreen_Generation = YES;
				INFOPLIST_KEY_UISupportedInterfaceOrientations_iPad = "UIInterfaceOrientationPortrait UIInterfaceOrientationPortraitUpsideDown UIInterfaceOrientationLandscapeLeft UIInterfaceOrientationLandscapeRight";
				INFOPLIST_KEY_UISupportedInterfaceOrientations_iPhone = "UIInterfaceOrientationPortrait UIInterfaceOrientationLandscapeLeft UIInterfaceOrientationLandscapeRight";
				LD_RUNPATH_SEARCH_PATHS = (
					"$(inherited)",
					"@executable_path/Frameworks",
				);
				MARKETING_VERSION = 1.0;
				PRODUCT_BUNDLE_IDENTIFIER = victorBarros.TodoMovies;
				PRODUCT_NAME = "$(TARGET_NAME)";
				SWIFT_EMIT_LOC_STRINGS = YES;
				SWIFT_VERSION = 5.0;
				TARGETED_DEVICE_FAMILY = "1,2";
			};
			name = Release;
		};
		0F91C107278CD55200814551 /* Debug */ = {
			isa = XCBuildConfiguration;
			buildSettings = {
				ALWAYS_EMBED_SWIFT_STANDARD_LIBRARIES = YES;
				BUNDLE_LOADER = "$(TEST_HOST)";
				CODE_SIGN_STYLE = Automatic;
				CURRENT_PROJECT_VERSION = 1;
				DEVELOPMENT_TEAM = B5UJ7YUN4J;
				GENERATE_INFOPLIST_FILE = YES;
				IPHONEOS_DEPLOYMENT_TARGET = 15.2;
				MARKETING_VERSION = 1.0;
				PRODUCT_BUNDLE_IDENTIFIER = victorBarros.TodoMoviesTests;
				PRODUCT_NAME = "$(TARGET_NAME)";
				SWIFT_EMIT_LOC_STRINGS = NO;
				SWIFT_VERSION = 5.0;
				TARGETED_DEVICE_FAMILY = "1,2";
				TEST_HOST = "$(BUILT_PRODUCTS_DIR)/TodoMovies.app/TodoMovies";
			};
			name = Debug;
		};
		0F91C108278CD55200814551 /* Release */ = {
			isa = XCBuildConfiguration;
			buildSettings = {
				ALWAYS_EMBED_SWIFT_STANDARD_LIBRARIES = YES;
				BUNDLE_LOADER = "$(TEST_HOST)";
				CODE_SIGN_STYLE = Automatic;
				CURRENT_PROJECT_VERSION = 1;
				DEVELOPMENT_TEAM = B5UJ7YUN4J;
				GENERATE_INFOPLIST_FILE = YES;
				IPHONEOS_DEPLOYMENT_TARGET = 15.2;
				MARKETING_VERSION = 1.0;
				PRODUCT_BUNDLE_IDENTIFIER = victorBarros.TodoMoviesTests;
				PRODUCT_NAME = "$(TARGET_NAME)";
				SWIFT_EMIT_LOC_STRINGS = NO;
				SWIFT_VERSION = 5.0;
				TARGETED_DEVICE_FAMILY = "1,2";
				TEST_HOST = "$(BUILT_PRODUCTS_DIR)/TodoMovies.app/TodoMovies";
			};
			name = Release;
		};
		0F91C10A278CD55200814551 /* Debug */ = {
			isa = XCBuildConfiguration;
			buildSettings = {
				ALWAYS_EMBED_SWIFT_STANDARD_LIBRARIES = YES;
				CODE_SIGN_STYLE = Automatic;
				CURRENT_PROJECT_VERSION = 1;
				DEVELOPMENT_TEAM = B5UJ7YUN4J;
				GENERATE_INFOPLIST_FILE = YES;
				MARKETING_VERSION = 1.0;
				PRODUCT_BUNDLE_IDENTIFIER = victorBarros.TodoMoviesUITests;
				PRODUCT_NAME = "$(TARGET_NAME)";
				SWIFT_EMIT_LOC_STRINGS = NO;
				SWIFT_VERSION = 5.0;
				TARGETED_DEVICE_FAMILY = "1,2";
				TEST_TARGET_NAME = TodoMovies;
			};
			name = Debug;
		};
		0F91C10B278CD55200814551 /* Release */ = {
			isa = XCBuildConfiguration;
			buildSettings = {
				ALWAYS_EMBED_SWIFT_STANDARD_LIBRARIES = YES;
				CODE_SIGN_STYLE = Automatic;
				CURRENT_PROJECT_VERSION = 1;
				DEVELOPMENT_TEAM = B5UJ7YUN4J;
				GENERATE_INFOPLIST_FILE = YES;
				MARKETING_VERSION = 1.0;
				PRODUCT_BUNDLE_IDENTIFIER = victorBarros.TodoMoviesUITests;
				PRODUCT_NAME = "$(TARGET_NAME)";
				SWIFT_EMIT_LOC_STRINGS = NO;
				SWIFT_VERSION = 5.0;
				TARGETED_DEVICE_FAMILY = "1,2";
				TEST_TARGET_NAME = TodoMovies;
			};
			name = Release;
		};
/* End XCBuildConfiguration section */

/* Begin XCConfigurationList section */
		0F91C0DA278CD55000814551 /* Build configuration list for PBXProject "TodoMovies" */ = {
			isa = XCConfigurationList;
			buildConfigurations = (
				0F91C101278CD55200814551 /* Debug */,
				0F91C102278CD55200814551 /* Release */,
			);
			defaultConfigurationIsVisible = 0;
			defaultConfigurationName = Release;
		};
		0F91C103278CD55200814551 /* Build configuration list for PBXNativeTarget "TodoMovies" */ = {
			isa = XCConfigurationList;
			buildConfigurations = (
				0F91C104278CD55200814551 /* Debug */,
				0F91C105278CD55200814551 /* Release */,
			);
			defaultConfigurationIsVisible = 0;
			defaultConfigurationName = Release;
		};
		0F91C106278CD55200814551 /* Build configuration list for PBXNativeTarget "TodoMoviesTests" */ = {
			isa = XCConfigurationList;
			buildConfigurations = (
				0F91C107278CD55200814551 /* Debug */,
				0F91C108278CD55200814551 /* Release */,
			);
			defaultConfigurationIsVisible = 0;
			defaultConfigurationName = Release;
		};
		0F91C109278CD55200814551 /* Build configuration list for PBXNativeTarget "TodoMoviesUITests" */ = {
			isa = XCConfigurationList;
			buildConfigurations = (
				0F91C10A278CD55200814551 /* Debug */,
				0F91C10B278CD55200814551 /* Release */,
			);
			defaultConfigurationIsVisible = 0;
			defaultConfigurationName = Release;
		};
/* End XCConfigurationList section */
	};
	rootObject = 0F91C0D7278CD55000814551 /* Project object */;
}
